
Microsoft Visual Studio Solution File, Format Version 12.00
# Visual Studio Version 17
VisualStudioVersion = 17.3.32825.248
MinimumVisualStudioVersion = 10.0.40219.1
Project("{FAE04EC0-301F-11D3-BF4B-00C04F79EFBC}") = "CapitalCreative.API", "CapitalCreative.API\CapitalCreative.API.csproj", "{D69FA5A8-660D-466E-97BD-1DDB86914E65}"
EndProject
Global
	GlobalSection(SolutionConfigurationPlatforms) = preSolution
		Debug|Any CPU = Debug|Any CPU
		Release|Any CPU = Release|Any CPU
	EndGlobalSection
	GlobalSection(ProjectConfigurationPlatforms) = postSolution
		{D69FA5A8-660D-466E-97BD-1DDB86914E65}.Debug|Any CPU.ActiveCfg = Debug|Any CPU
		{D69FA5A8-660D-466E-97BD-1DDB86914E65}.Debug|Any CPU.Build.0 = Debug|Any CPU
		{D69FA5A8-660D-466E-97BD-1DDB86914E65}.Release|Any CPU.ActiveCfg = Release|Any CPU
		{D69FA5A8-660D-466E-97BD-1DDB86914E65}.Release|Any CPU.Build.0 = Release|Any CPU
	EndGlobalSection
	GlobalSection(SolutionProperties) = preSolution
		HideSolutionNode = FALSE
	EndGlobalSection
	GlobalSection(ExtensibilityGlobals) = postSolution
		SolutionGuid = {F6D2F55A-3EE6-48AB-BC93-B2F47D20A069}
	EndGlobalSection
EndGlobal
